
Microsoft Visual Studio Solution File, Format Version 12.00
# Visual Studio Version 17
VisualStudioVersion = 17.11.35431.28
MinimumVisualStudioVersion = 10.0.40219.1
Project("{9A19103F-16F7-4668-BE54-9A1E7A4F7556}") = "SkinRush", "SkinRush\SkinRush.csproj", "{C9EED741-B1B6-4C92-91C9-4ADCACC7F835}"
EndProject
Global
	GlobalSection(SolutionConfigurationPlatforms) = preSolution
		Debug|Any CPU = Debug|Any CPU
		Release|Any CPU = Release|Any CPU
	EndGlobalSection
	GlobalSection(ProjectConfigurationPlatforms) = postSolution
		{C9EED741-B1B6-4C92-91C9-4ADCACC7F835}.Debug|Any CPU.ActiveCfg = Debug|Any CPU
		{C9EED741-B1B6-4C92-91C9-4ADCACC7F835}.Debug|Any CPU.Build.0 = Debug|Any CPU
		{C9EED741-B1B6-4C92-91C9-4ADCACC7F835}.Release|Any CPU.ActiveCfg = Release|Any CPU
		{C9EED741-B1B6-4C92-91C9-4ADCACC7F835}.Release|Any CPU.Build.0 = Release|Any CPU
	EndGlobalSection
	GlobalSection(SolutionProperties) = preSolution
		HideSolutionNode = FALSE
	EndGlobalSection
	GlobalSection(ExtensibilityGlobals) = postSolution
		SolutionGuid = {2BC42962-CC83-4904-9FA4-53B48142B911}
	EndGlobalSection
EndGlobal
